# THIS IS AN AUTOGENERATED FILE. DO NOT EDIT THIS FILE DIRECTLY.
# yarn lockfile v1


ansi-regex@^3.0.0:
  version "3.0.0"
  resolved "https://registry.yarnpkg.com/ansi-regex/-/ansi-regex-3.0.0.tgz#ed0317c322064f79466c02966bddb605ab37d998"
  integrity sha1-7QMXwyIGT3lGbAKWa922Bas32Zg=

cli-truncate@^1.1.0:
  version "1.1.0"
  resolved "https://registry.yarnpkg.com/cli-truncate/-/cli-truncate-1.1.0.tgz#2b2dfd83c53cfd3572b87fc4d430a808afb04086"
  integrity sha512-bAtZo0u82gCfaAGfSNxUdTI9mNyza7D8w4CVCcaOsy7sgwDzvx6ekr6cuWJqY3UGzgnQ1+4wgENup5eIhgxEYA==
  dependencies:
    slice-ansi "^1.0.0"
    string-width "^2.0.0"

is-fullwidth-code-point@^2.0.0:
  version "2.0.0"
  resolved "https://registry.yarnpkg.com/is-fullwidth-code-point/-/is-fullwidth-code-point-2.0.0.tgz#a3b30a5c4f199183167aaab93beefae3ddfb654f"
  integrity sha1-o7MKXE8ZkYMWeqq5O+764937ZU8=

minimist@0.0.8:
  version "0.0.8"
  resolved "https://registry.yarnpkg.com/minimist/-/minimist-0.0.8.tgz#857fcabfc3397d2625b8228262e86aa7a011b05d"
  integrity sha1-hX/Kv8M5fSYluCKCYuhqp6ARsF0=

mkdirp@0.5.x:
  version "0.5.1"
  resolved "https://registry.yarnpkg.com/mkdirp/-/mkdirp-0.5.1.tgz#30057438eac6cf7f8c4767f38648d6697d75c903"
  integrity sha1-MAV0OOrGz3+MR2fzhkjWaX11yQM=
  dependencies:
    minimist "0.0.8"

node-json-db@^0.9.2:
  version "0.9.2"
  resolved "https://registry.yarnpkg.com/node-json-db/-/node-json-db-0.9.2.tgz#b79eb61d6398476a39339a7a6d67df780f64bf15"
  integrity sha512-vd8A6wznm3hi82IKlVKdomZvsEnASYWl0n4iwLkI7ukbIQkXTtFdJG8aZg0BNbEN+Vr/VktDFSqwWx/iSdf31Q==
  dependencies:
    mkdirp "0.5.x"

slice-ansi@^1.0.0:
  version "1.0.0"
  resolved "https://registry.yarnpkg.com/slice-ansi/-/slice-ansi-1.0.0.tgz#044f1a49d8842ff307aad6b505ed178bd950134d"
  integrity sha512-POqxBK6Lb3q6s047D/XsDVNPnF9Dl8JSaqe9h9lURl0OdNqy/ujDrOiIHtsqXMGbWWTIomRzAMaTyawAU//Reg==
  dependencies:
    is-fullwidth-code-point "^2.0.0"

string-width@^2.0.0:
  version "2.1.1"
  resolved "https://registry.yarnpkg.com/string-width/-/string-width-2.1.1.tgz#ab93f27a8dc13d28cac815c462143a6d9012ae9e"
  integrity sha512-nOqH59deCq9SRHlxq1Aw85Jnt4w6KvLKqWVik6oA9ZklXLNIOlqg4F2yrT1MVaTjAqvVwdfeZ7w7aCvJD7ugkw==
  dependencies:
    is-fullwidth-code-point "^2.0.0"
    strip-ansi "^4.0.0"

strip-ansi@^4.0.0:
  version "4.0.0"
  resolved "https://registry.yarnpkg.com/strip-ansi/-/strip-ansi-4.0.0.tgz#a8479022eb1ac368a871389b635262c505ee368f"
  integrity sha1-qEeQIusaw2iocTibY1JixQXuNo8=
  dependencies:
    ansi-regex "^3.0.0"
